
Microsoft Visual Studio Solution File, Format Version 12.00
# Visual Studio Version 16
VisualStudioVersion = 25.0.1704.2
MinimumVisualStudioVersion = 10.0.40219.1
Project("{FAE04EC0-301F-11D3-BF4B-00C04F79EFBC}") = "A3", "A3.csproj", "{C3759408-D97D-463A-918D-A7749A3C16BD}"
EndProject
Global
	GlobalSection(SolutionConfigurationPlatforms) = preSolution
		Debug|Any CPU = Debug|Any CPU
		Release|Any CPU = Release|Any CPU
	EndGlobalSection
	GlobalSection(ProjectConfigurationPlatforms) = postSolution
		{C3759408-D97D-463A-918D-A7749A3C16BD}.Debug|Any CPU.ActiveCfg = Debug|Any CPU
		{C3759408-D97D-463A-918D-A7749A3C16BD}.Debug|Any CPU.Build.0 = Debug|Any CPU
		{C3759408-D97D-463A-918D-A7749A3C16BD}.Release|Any CPU.ActiveCfg = Release|Any CPU
		{C3759408-D97D-463A-918D-A7749A3C16BD}.Release|Any CPU.Build.0 = Release|Any CPU
	EndGlobalSection
	GlobalSection(SolutionProperties) = preSolution
		HideSolutionNode = FALSE
	EndGlobalSection
	GlobalSection(ExtensibilityGlobals) = postSolution
		SolutionGuid = {6C3A886C-71F2-4A0D-81F8-9AA13B24BC7D}
	EndGlobalSection
EndGlobal
